
Microsoft Visual Studio Solution File, Format Version 12.00
# Visual Studio Version 17
VisualStudioVersion = 17.0.31903.59
MinimumVisualStudioVersion = 10.0.40219.1
Project("{2150E333-8FDC-42A3-9474-1A3956D46DE8}") = "src", "src", "{827E0CD3-B72D-47B6-A68D-7590B98EB39B}"
EndProject
Project("{FAE04EC0-301F-11D3-BF4B-00C04F79EFBC}") = "BastionBuilder.Domain", "src\BastionBuilder.Domain\BastionBuilder.Domain.csproj", "{BD3FB8D1-86F4-409A-B06D-FCE3830F6D64}"
EndProject
Project("{FAE04EC0-301F-11D3-BF4B-00C04F79EFBC}") = "BastionBuilder.Rules", "src\BastionBuilder.Rules\BastionBuilder.Rules.csproj", "{92C480D5-1230-416E-B716-CCB07C3D35DA}"
EndProject
Project("{FAE04EC0-301F-11D3-BF4B-00C04F79EFBC}") = "BastionBuilder.Application", "src\BastionBuilder.Application\BastionBuilder.Application.csproj", "{9A4178A8-4A31-4DD8-8D2E-614B28A71BD7}"
EndProject
Project("{FAE04EC0-301F-11D3-BF4B-00C04F79EFBC}") = "BastionBuilder.Persistence.Sqlite", "src\BastionBuilder.Persistence.Sqlite\BastionBuilder.Persistence.Sqlite.csproj", "{A9A48A11-AFEF-48BC-9E2F-2906482D0B0D}"
EndProject
Project("{FAE04EC0-301F-11D3-BF4B-00C04F79EFBC}") = "BastionBuilder.Export", "src\BastionBuilder.Export\BastionBuilder.Export.csproj", "{8ACC99FF-EA2B-4335-9BCD-DDD1C85207CC}"
EndProject
Project("{FAE04EC0-301F-11D3-BF4B-00C04F79EFBC}") = "BastionBuilder.App", "src\BastionBuilder.App\BastionBuilder.App.csproj", "{E03C09F3-34E6-41F4-AA28-E0D1725D08AC}"
EndProject
Project("{2150E333-8FDC-42A3-9474-1A3956D46DE8}") = "tests", "tests", "{0AB3BF05-4346-4AA6-1389-037BE0695223}"
EndProject
Project("{FAE04EC0-301F-11D3-BF4B-00C04F79EFBC}") = "BastionBuilder.Domain.Tests", "tests\BastionBuilder.Domain.Tests\BastionBuilder.Domain.Tests.csproj", "{9695A90F-F241-41B5-8987-FE8A32201461}"
EndProject
Project("{FAE04EC0-301F-11D3-BF4B-00C04F79EFBC}") = "BastionBuilder.Rules.Tests", "tests\BastionBuilder.Rules.Tests\BastionBuilder.Rules.Tests.csproj", "{B1180B59-6F14-4FC7-B408-EB1012F41EDB}"
EndProject
Project("{FAE04EC0-301F-11D3-BF4B-00C04F79EFBC}") = "BastionBuilder.Application.Tests", "tests\BastionBuilder.Application.Tests\BastionBuilder.Application.Tests.csproj", "{2C967FE5-891A-493E-BFD2-97481A12139F}"
EndProject
Project("{FAE04EC0-301F-11D3-BF4B-00C04F79EFBC}") = "BastionBuilder.Export.Tests", "tests\BastionBuilder.Export.Tests\BastionBuilder.Export.Tests.csproj", "{7D00EE73-7E18-4D68-87BB-A39EC59FF38E}"
EndProject
Global
	GlobalSection(SolutionConfigurationPlatforms) = preSolution
		Debug|Any CPU = Debug|Any CPU
		Debug|x64 = Debug|x64
		Debug|x86 = Debug|x86
		Release|Any CPU = Release|Any CPU
		Release|x64 = Release|x64
		Release|x86 = Release|x86
	EndGlobalSection
	GlobalSection(ProjectConfigurationPlatforms) = postSolution
		{BD3FB8D1-86F4-409A-B06D-FCE3830F6D64}.Debug|Any CPU.ActiveCfg = Debug|Any CPU
		{BD3FB8D1-86F4-409A-B06D-FCE3830F6D64}.Debug|Any CPU.Build.0 = Debug|Any CPU
		{BD3FB8D1-86F4-409A-B06D-FCE3830F6D64}.Debug|x64.ActiveCfg = Debug|Any CPU
		{BD3FB8D1-86F4-409A-B06D-FCE3830F6D64}.Debug|x64.Build.0 = Debug|Any CPU
		{BD3FB8D1-86F4-409A-B06D-FCE3830F6D64}.Debug|x86.ActiveCfg = Debug|Any CPU
		{BD3FB8D1-86F4-409A-B06D-FCE3830F6D64}.Debug|x86.Build.0 = Debug|Any CPU
		{BD3FB8D1-86F4-409A-B06D-FCE3830F6D64}.Release|Any CPU.ActiveCfg = Release|Any CPU
		{BD3FB8D1-86F4-409A-B06D-FCE3830F6D64}.Release|Any CPU.Build.0 = Release|Any CPU
		{BD3FB8D1-86F4-409A-B06D-FCE3830F6D64}.Release|x64.ActiveCfg = Release|Any CPU
		{BD3FB8D1-86F4-409A-B06D-FCE3830F6D64}.Release|x64.Build.0 = Release|Any CPU
		{BD3FB8D1-86F4-409A-B06D-FCE3830F6D64}.Release|x86.ActiveCfg = Release|Any CPU
		{BD3FB8D1-86F4-409A-B06D-FCE3830F6D64}.Release|x86.Build.0 = Release|Any CPU
		{92C480D5-1230-416E-B716-CCB07C3D35DA}.Debug|Any CPU.ActiveCfg = Debug|Any CPU
		{92C480D5-1230-416E-B716-CCB07C3D35DA}.Debug|Any CPU.Build.0 = Debug|Any CPU
		{92C480D5-1230-416E-B716-CCB07C3D35DA}.Debug|x64.ActiveCfg = Debug|Any CPU
		{92C480D5-1230-416E-B716-CCB07C3D35DA}.Debug|x64.Build.0 = Debug|Any CPU
		{92C480D5-1230-416E-B716-CCB07C3D35DA}.Debug|x86.ActiveCfg = Debug|Any CPU
		{92C480D5-1230-416E-B716-CCB07C3D35DA}.Debug|x86.Build.0 = Debug|Any CPU
		{92C480D5-1230-416E-B716-CCB07C3D35DA}.Release|Any CPU.ActiveCfg = Release|Any CPU
		{92C480D5-1230-416E-B716-CCB07C3D35DA}.Release|Any CPU.Build.0 = Release|Any CPU
		{92C480D5-1230-416E-B716-CCB07C3D35DA}.Release|x64.ActiveCfg = Release|Any CPU
		{92C480D5-1230-416E-B716-CCB07C3D35DA}.Release|x64.Build.0 = Release|Any CPU
		{92C480D5-1230-416E-B716-CCB07C3D35DA}.Release|x86.ActiveCfg = Release|Any CPU
		{92C480D5-1230-416E-B716-CCB07C3D35DA}.Release|x86.Build.0 = Release|Any CPU
		{9A4178A8-4A31-4DD8-8D2E-614B28A71BD7}.Debug|Any CPU.ActiveCfg = Debug|Any CPU
		{9A4178A8-4A31-4DD8-8D2E-614B28A71BD7}.Debug|Any CPU.Build.0 = Debug|Any CPU
		{9A4178A8-4A31-4DD8-8D2E-614B28A71BD7}.Debug|x64.ActiveCfg = Debug|Any CPU
		{9A4178A8-4A31-4DD8-8D2E-614B28A71BD7}.Debug|x64.Build.0 = Debug|Any CPU
		{9A4178A8-4A31-4DD8-8D2E-614B28A71BD7}.Debug|x86.ActiveCfg = Debug|Any CPU
		{9A4178A8-4A31-4DD8-8D2E-614B28A71BD7}.Debug|x86.Build.0 = Debug|Any CPU
		{9A4178A8-4A31-4DD8-8D2E-614B28A71BD7}.Release|Any CPU.ActiveCfg = Release|Any CPU
		{9A4178A8-4A31-4DD8-8D2E-614B28A71BD7}.Release|Any CPU.Build.0 = Release|Any CPU
		{9A4178A8-4A31-4DD8-8D2E-614B28A71BD7}.Release|x64.ActiveCfg = Release|Any CPU
		{9A4178A8-4A31-4DD8-8D2E-614B28A71BD7}.Release|x64.Build.0 = Release|Any CPU
		{9A4178A8-4A31-4DD8-8D2E-614B28A71BD7}.Release|x86.ActiveCfg = Release|Any CPU
		{9A4178A8-4A31-4DD8-8D2E-614B28A71BD7}.Release|x86.Build.0 = Release|Any CPU
		{A9A48A11-AFEF-48BC-9E2F-2906482D0B0D}.Debug|Any CPU.ActiveCfg = Debug|Any CPU
		{A9A48A11-AFEF-48BC-9E2F-2906482D0B0D}.Debug|Any CPU.Build.0 = Debug|Any CPU
		{A9A48A11-AFEF-48BC-9E2F-2906482D0B0D}.Debug|x64.ActiveCfg = Debug|Any CPU
		{A9A48A11-AFEF-48BC-9E2F-2906482D0B0D}.Debug|x64.Build.0 = Debug|Any CPU
		{A9A48A11-AFEF-48BC-9E2F-2906482D0B0D}.Debug|x86.ActiveCfg = Debug|Any CPU
		{A9A48A11-AFEF-48BC-9E2F-2906482D0B0D}.Debug|x86.Build.0 = Debug|Any CPU
		{A9A48A11-AFEF-48BC-9E2F-2906482D0B0D}.Release|Any CPU.ActiveCfg = Release|Any CPU
		{A9A48A11-AFEF-48BC-9E2F-2906482D0B0D}.Release|Any CPU.Build.0 = Release|Any CPU
		{A9A48A11-AFEF-48BC-9E2F-2906482D0B0D}.Release|x64.ActiveCfg = Release|Any CPU
		{A9A48A11-AFEF-48BC-9E2F-2906482D0B0D}.Release|x64.Build.0 = Release|Any CPU
		{A9A48A11-AFEF-48BC-9E2F-2906482D0B0D}.Release|x86.ActiveCfg = Release|Any CPU
		{A9A48A11-AFEF-48BC-9E2F-2906482D0B0D}.Release|x86.Build.0 = Release|Any CPU
		{8ACC99FF-EA2B-4335-9BCD-DDD1C85207CC}.Debug|Any CPU.ActiveCfg = Debug|Any CPU
		{8ACC99FF-EA2B-4335-9BCD-DDD1C85207CC}.Debug|Any CPU.Build.0 = Debug|Any CPU
		{8ACC99FF-EA2B-4335-9BCD-DDD1C85207CC}.Debug|x64.ActiveCfg = Debug|Any CPU
		{8ACC99FF-EA2B-4335-9BCD-DDD1C85207CC}.Debug|x64.Build.0 = Debug|Any CPU
		{8ACC99FF-EA2B-4335-9BCD-DDD1C85207CC}.Debug|x86.ActiveCfg = Debug|Any CPU
		{8ACC99FF-EA2B-4335-9BCD-DDD1C85207CC}.Debug|x86.Build.0 = Debug|Any CPU
		{8ACC99FF-EA2B-4335-9BCD-DDD1C85207CC}.Release|Any CPU.ActiveCfg = Release|Any CPU
		{8ACC99FF-EA2B-4335-9BCD-DDD1C85207CC}.Release|Any CPU.Build.0 = Release|Any CPU
		{8ACC99FF-EA2B-4335-9BCD-DDD1C85207CC}.Release|x64.ActiveCfg = Release|Any CPU
		{8ACC99FF-EA2B-4335-9BCD-DDD1C85207CC}.Release|x64.Build.0 = Release|Any CPU
		{8ACC99FF-EA2B-4335-9BCD-DDD1C85207CC}.Release|x86.ActiveCfg = Release|Any CPU
		{8ACC99FF-EA2B-4335-9BCD-DDD1C85207CC}.Release|x86.Build.0 = Release|Any CPU
		{E03C09F3-34E6-41F4-AA28-E0D1725D08AC}.Debug|Any CPU.ActiveCfg = Debug|Any CPU
		{E03C09F3-34E6-41F4-AA28-E0D1725D08AC}.Debug|Any CPU.Build.0 = Debug|Any CPU
		{E03C09F3-34E6-41F4-AA28-E0D1725D08AC}.Debug|x64.ActiveCfg = Debug|Any CPU
		{E03C09F3-34E6-41F4-AA28-E0D1725D08AC}.Debug|x64.Build.0 = Debug|Any CPU
		{E03C09F3-34E6-41F4-AA28-E0D1725D08AC}.Debug|x86.ActiveCfg = Debug|Any CPU
		{E03C09F3-34E6-41F4-AA28-E0D1725D08AC}.Debug|x86.Build.0 = Debug|Any CPU
		{E03C09F3-34E6-41F4-AA28-E0D1725D08AC}.Release|Any CPU.ActiveCfg = Release|Any CPU
		{E03C09F3-34E6-41F4-AA28-E0D1725D08AC}.Release|Any CPU.Build.0 = Release|Any CPU
		{E03C09F3-34E6-41F4-AA28-E0D1725D08AC}.Release|x64.ActiveCfg = Release|Any CPU
		{E03C09F3-34E6-41F4-AA28-E0D1725D08AC}.Release|x64.Build.0 = Release|Any CPU
		{E03C09F3-34E6-41F4-AA28-E0D1725D08AC}.Release|x86.ActiveCfg = Release|Any CPU
		{E03C09F3-34E6-41F4-AA28-E0D1725D08AC}.Release|x86.Build.0 = Release|Any CPU
		{9695A90F-F241-41B5-8987-FE8A32201461}.Debug|Any CPU.ActiveCfg = Debug|Any CPU
		{9695A90F-F241-41B5-8987-FE8A32201461}.Debug|Any CPU.Build.0 = Debug|Any CPU
		{9695A90F-F241-41B5-8987-FE8A32201461}.Debug|x64.ActiveCfg = Debug|Any CPU
		{9695A90F-F241-41B5-8987-FE8A32201461}.Debug|x64.Build.0 = Debug|Any CPU
		{9695A90F-F241-41B5-8987-FE8A32201461}.Debug|x86.ActiveCfg = Debug|Any CPU
		{9695A90F-F241-41B5-8987-FE8A32201461}.Debug|x86.Build.0 = Debug|Any CPU
		{9695A90F-F241-41B5-8987-FE8A32201461}.Release|Any CPU.ActiveCfg = Release|Any CPU
		{9695A90F-F241-41B5-8987-FE8A32201461}.Release|Any CPU.Build.0 = Release|Any CPU
		{9695A90F-F241-41B5-8987-FE8A32201461}.Release|x64.ActiveCfg = Release|Any CPU
		{9695A90F-F241-41B5-8987-FE8A32201461}.Release|x64.Build.0 = Release|Any CPU
		{9695A90F-F241-41B5-8987-FE8A32201461}.Release|x86.ActiveCfg = Release|Any CPU
		{9695A90F-F241-41B5-8987-FE8A32201461}.Release|x86.Build.0 = Release|Any CPU
		{B1180B59-6F14-4FC7-B408-EB1012F41EDB}.Debug|Any CPU.ActiveCfg = Debug|Any CPU
		{B1180B59-6F14-4FC7-B408-EB1012F41EDB}.Debug|Any CPU.Build.0 = Debug|Any CPU
		{B1180B59-6F14-4FC7-B408-EB1012F41EDB}.Debug|x64.ActiveCfg = Debug|Any CPU
		{B1180B59-6F14-4FC7-B408-EB1012F41EDB}.Debug|x64.Build.0 = Debug|Any CPU
		{B1180B59-6F14-4FC7-B408-EB1012F41EDB}.Debug|x86.ActiveCfg = Debug|Any CPU
		{B1180B59-6F14-4FC7-B408-EB1012F41EDB}.Debug|x86.Build.0 = Debug|Any CPU
		{B1180B59-6F14-4FC7-B408-EB1012F41EDB}.Release|Any CPU.ActiveCfg = Release|Any CPU
		{B1180B59-6F14-4FC7-B408-EB1012F41EDB}.Release|Any CPU.Build.0 = Release|Any CPU
		{B1180B59-6F14-4FC7-B408-EB1012F41EDB}.Release|x64.ActiveCfg = Release|Any CPU
		{B1180B59-6F14-4FC7-B408-EB1012F41EDB}.Release|x64.Build.0 = Release|Any CPU
		{B1180B59-6F14-4FC7-B408-EB1012F41EDB}.Release|x86.ActiveCfg = Release|Any CPU
		{B1180B59-6F14-4FC7-B408-EB1012F41EDB}.Release|x86.Build.0 = Release|Any CPU
		{2C967FE5-891A-493E-BFD2-97481A12139F}.Debug|Any CPU.ActiveCfg = Debug|Any CPU
		{2C967FE5-891A-493E-BFD2-97481A12139F}.Debug|Any CPU.Build.0 = Debug|Any CPU
		{2C967FE5-891A-493E-BFD2-97481A12139F}.Debug|x64.ActiveCfg = Debug|Any CPU
		{2C967FE5-891A-493E-BFD2-97481A12139F}.Debug|x64.Build.0 = Debug|Any CPU
		{2C967FE5-891A-493E-BFD2-97481A12139F}.Debug|x86.ActiveCfg = Debug|Any CPU
		{2C967FE5-891A-493E-BFD2-97481A12139F}.Debug|x86.Build.0 = Debug|Any CPU
		{2C967FE5-891A-493E-BFD2-97481A12139F}.Release|Any CPU.ActiveCfg = Release|Any CPU
		{2C967FE5-891A-493E-BFD2-97481A12139F}.Release|Any CPU.Build.0 = Release|Any CPU
		{2C967FE5-891A-493E-BFD2-97481A12139F}.Release|x64.ActiveCfg = Release|Any CPU
		{2C967FE5-891A-493E-BFD2-97481A12139F}.Release|x64.Build.0 = Release|Any CPU
		{2C967FE5-891A-493E-BFD2-97481A12139F}.Release|x86.ActiveCfg = Release|Any CPU
		{2C967FE5-891A-493E-BFD2-97481A12139F}.Release|x86.Build.0 = Release|Any CPU
		{7D00EE73-7E18-4D68-87BB-A39EC59FF38E}.Debug|Any CPU.ActiveCfg = Debug|Any CPU
		{7D00EE73-7E18-4D68-87BB-A39EC59FF38E}.Debug|Any CPU.Build.0 = Debug|Any CPU
		{7D00EE73-7E18-4D68-87BB-A39EC59FF38E}.Debug|x64.ActiveCfg = Debug|Any CPU
		{7D00EE73-7E18-4D68-87BB-A39EC59FF38E}.Debug|x64.Build.0 = Debug|Any CPU
		{7D00EE73-7E18-4D68-87BB-A39EC59FF38E}.Debug|x86.ActiveCfg = Debug|Any CPU
		{7D00EE73-7E18-4D68-87BB-A39EC59FF38E}.Debug|x86.Build.0 = Debug|Any CPU
		{7D00EE73-7E18-4D68-87BB-A39EC59FF38E}.Release|Any CPU.ActiveCfg = Release|Any CPU
		{7D00EE73-7E18-4D68-87BB-A39EC59FF38E}.Release|Any CPU.Build.0 = Release|Any CPU
		{7D00EE73-7E18-4D68-87BB-A39EC59FF38E}.Release|x64.ActiveCfg = Release|Any CPU
		{7D00EE73-7E18-4D68-87BB-A39EC59FF38E}.Release|x64.Build.0 = Release|Any CPU
		{7D00EE73-7E18-4D68-87BB-A39EC59FF38E}.Release|x86.ActiveCfg = Release|Any CPU
		{7D00EE73-7E18-4D68-87BB-A39EC59FF38E}.Release|x86.Build.0 = Release|Any CPU
	EndGlobalSection
	GlobalSection(SolutionProperties) = preSolution
		HideSolutionNode = FALSE
	EndGlobalSection
	GlobalSection(NestedProjects) = preSolution
		{BD3FB8D1-86F4-409A-B06D-FCE3830F6D64} = {827E0CD3-B72D-47B6-A68D-7590B98EB39B}
		{92C480D5-1230-416E-B716-CCB07C3D35DA} = {827E0CD3-B72D-47B6-A68D-7590B98EB39B}
		{9A4178A8-4A31-4DD8-8D2E-614B28A71BD7} = {827E0CD3-B72D-47B6-A68D-7590B98EB39B}
		{A9A48A11-AFEF-48BC-9E2F-2906482D0B0D} = {827E0CD3-B72D-47B6-A68D-7590B98EB39B}
		{8ACC99FF-EA2B-4335-9BCD-DDD1C85207CC} = {827E0CD3-B72D-47B6-A68D-7590B98EB39B}
		{E03C09F3-34E6-41F4-AA28-E0D1725D08AC} = {827E0CD3-B72D-47B6-A68D-7590B98EB39B}
		{9695A90F-F241-41B5-8987-FE8A32201461} = {0AB3BF05-4346-4AA6-1389-037BE0695223}
		{B1180B59-6F14-4FC7-B408-EB1012F41EDB} = {0AB3BF05-4346-4AA6-1389-037BE0695223}
		{2C967FE5-891A-493E-BFD2-97481A12139F} = {0AB3BF05-4346-4AA6-1389-037BE0695223}
		{7D00EE73-7E18-4D68-87BB-A39EC59FF38E} = {0AB3BF05-4346-4AA6-1389-037BE0695223}
	EndGlobalSection
EndGlobal
